
Microsoft Visual Studio Solution File, Format Version 12.00
# Visual Studio Version 17
VisualStudioVersion = 17.8.34330.188
MinimumVisualStudioVersion = 10.0.40219.1
Project("{FAE04EC0-301F-11D3-BF4B-00C04F79EFBC}") = "17. The for Loop", "17. The for Loop.csproj", "{DFBD2293-3262-4D5C-B1B8-53C19CFDD0F7}"
EndProject
Global
	GlobalSection(SolutionConfigurationPlatforms) = preSolution
		Debug|Any CPU = Debug|Any CPU
		Release|Any CPU = Release|Any CPU
	EndGlobalSection
	GlobalSection(ProjectConfigurationPlatforms) = postSolution
		{DFBD2293-3262-4D5C-B1B8-53C19CFDD0F7}.Debug|Any CPU.ActiveCfg = Debug|Any CPU
		{DFBD2293-3262-4D5C-B1B8-53C19CFDD0F7}.Debug|Any CPU.Build.0 = Debug|Any CPU
		{DFBD2293-3262-4D5C-B1B8-53C19CFDD0F7}.Release|Any CPU.ActiveCfg = Release|Any CPU
		{DFBD2293-3262-4D5C-B1B8-53C19CFDD0F7}.Release|Any CPU.Build.0 = Release|Any CPU
	EndGlobalSection
	GlobalSection(SolutionProperties) = preSolution
		HideSolutionNode = FALSE
	EndGlobalSection
	GlobalSection(ExtensibilityGlobals) = postSolution
		SolutionGuid = {AF797CFB-2965-453C-A18D-D3EBF78A3269}
	EndGlobalSection
EndGlobal
